
Microsoft Visual Studio Solution File, Format Version 12.00
# Visual Studio Version 17
VisualStudioVersion = 17.12.35506.116 d17.12
MinimumVisualStudioVersion = 10.0.40219.1
Project("{FAE04EC0-301F-11D3-BF4B-00C04F79EFBC}") = "Assignments", "Assignments\Assignments.csproj", "{7A545D2D-4FFE-497D-ACF7-A899F0DF7CF5}"
EndProject
Project("{FAE04EC0-301F-11D3-BF4B-00C04F79EFBC}") = "Assignments.Tests", "Assignments.Tests\Assignments.Tests.csproj", "{ABE4D14A-C097-49A9-A035-E7E6CFDF7936}"
EndProject
Global
	GlobalSection(SolutionConfigurationPlatforms) = preSolution
		Debug|Any CPU = Debug|Any CPU
		Release|Any CPU = Release|Any CPU
	EndGlobalSection
	GlobalSection(ProjectConfigurationPlatforms) = postSolution
		{7A545D2D-4FFE-497D-ACF7-A899F0DF7CF5}.Debug|Any CPU.ActiveCfg = Debug|Any CPU
		{7A545D2D-4FFE-497D-ACF7-A899F0DF7CF5}.Debug|Any CPU.Build.0 = Debug|Any CPU
		{7A545D2D-4FFE-497D-ACF7-A899F0DF7CF5}.Release|Any CPU.ActiveCfg = Release|Any CPU
		{7A545D2D-4FFE-497D-ACF7-A899F0DF7CF5}.Release|Any CPU.Build.0 = Release|Any CPU
		{ABE4D14A-C097-49A9-A035-E7E6CFDF7936}.Debug|Any CPU.ActiveCfg = Debug|Any CPU
		{ABE4D14A-C097-49A9-A035-E7E6CFDF7936}.Debug|Any CPU.Build.0 = Debug|Any CPU
		{ABE4D14A-C097-49A9-A035-E7E6CFDF7936}.Release|Any CPU.ActiveCfg = Release|Any CPU
		{ABE4D14A-C097-49A9-A035-E7E6CFDF7936}.Release|Any CPU.Build.0 = Release|Any CPU
	EndGlobalSection
	GlobalSection(SolutionProperties) = preSolution
		HideSolutionNode = FALSE
	EndGlobalSection
EndGlobal
